PODS:
  - AFNetworking (4.0.1):
    - AFNetworking/NSURLSession (= 4.0.1)
    - AFNetworking/Reachability (= 4.0.1)
    - AFNetworking/Security (= 4.0.1)
    - AFNetworking/Serialization (= 4.0.1)
    - AFNetworking/UIKit (= 4.0.1)
  - AFNetworking/NSURLSession (4.0.1):
    - AFNetworking/Reachability
    - AFNetworking/Security
    - AFNetworking/Serialization
  - AFNetworking/Reachability (4.0.1)
  - AFNetworking/Security (4.0.1)
  - AFNetworking/Serialization (4.0.1)
  - AFNetworking/UIKit (4.0.1):
    - AFNetworking/NSURLSession
  - Alamofire (5.10.2)
  - AlicloudHTTPDNS (2.2.0):
    - AlicloudUtils
  - AlicloudUTDID (1.6.1)
  - AlicloudUtils (2.0.1):
    - AlicloudUTDID
  - AMap3DMap-NO-IDFA (10.1.600):
    - AMapFoundation-NO-IDFA (>= 1.8.0)
  - AMapFoundation-NO-IDFA (1.8.2)
  - AMapLocation-NO-IDFA (2.10.0):
    - AMapFoundation-NO-IDFA (>= 1.8.0)
  - Bugly (2.6.1)
  - FluentDarkModeKit (1.0.4)
  - FMDB (2.7.12):
    - FMDB/standard (= 2.7.12)
  - FMDB/Core (2.7.12)
  - FMDB/standard (2.7.12):
    - FMDB/Core
  - FSCalendar (2.8.4)
  - IQKeyboardManager (6.5.19)
  - JXBanner (0.3.6):
    - JXBanner/Banner (= 0.3.6)
    - JXBanner/PageControl (= 0.3.6)
  - JXBanner/Banner (0.3.6):
    - JXBanner/Banner/API (= 0.3.6)
    - JXBanner/Banner/Banner (= 0.3.6)
    - JXBanner/Banner/Cell (= 0.3.6)
    - JXBanner/Banner/Common (= 0.3.6)
    - JXBanner/Banner/Transform (= 0.3.6)
  - JXBanner/Banner/API (0.3.6):
    - JXBanner/Banner/Cell
    - JXBanner/PageControl
  - JXBanner/Banner/Banner (0.3.6):
    - JXBanner/Banner/API
    - JXBanner/Banner/Common
    - JXBanner/Banner/Transform
  - JXBanner/Banner/Cell (0.3.6)
  - JXBanner/Banner/Common (0.3.6)
  - JXBanner/Banner/Transform (0.3.6):
    - JXBanner/Banner/API
  - JXBanner/PageControl (0.3.6):
    - JXPageControl
  - JXPageControl (0.1.5):
    - JXPageControl/Common (= 0.1.5)
    - JXPageControl/Jump (= 0.1.5)
    - JXPageControl/Transform (= 0.1.5)
  - JXPageControl/Common (0.1.5)
  - JXPageControl/Jump (0.1.5):
    - JXPageControl/Common
  - JXPageControl/Transform (0.1.5):
    - JXPageControl/Common
  - JXPagingView (2.1.3):
    - JXPagingView/Pager (= 2.1.3)
    - JXPagingView/Paging (= 2.1.3)
  - JXPagingView/Pager (2.1.3)
  - JXPagingView/Paging (2.1.3)
  - JXSegmentedView (1.4.1)
  - LookinServer (1.2.8):
    - LookinServer/Core (= 1.2.8)
  - LookinServer/Core (1.2.8)
  - MarkdownKit (1.7.1)
  - Masonry (1.1.0)
  - MBProgressHUD (0.9.2)
  - MJExtension (3.4.2)
  - MJRefresh (3.7.9)
  - NudeIn (1.2.8)
  - ProgressHUD (13.7.2)
  - RxCocoa (6.9.0):
    - RxRelay (= 6.9.0)
    - RxSwift (= 6.9.0)
  - RxRelay (6.9.0):
    - RxSwift (= 6.9.0)
  - RxSwift (6.9.0)
  - RYAngelWalker (0.2.2)
  - RYTransitioningDelegateSwift (0.2.3)
  - SDCycleScrollView (1.82):
    - SDWebImage (>= 5.0.0)
  - SDWebImage (5.21.1):
    - SDWebImage/Core (= 5.21.1)
  - SDWebImage/Core (5.21.1)
  - SnapKit (5.7.1)
  - SwiftyJSON (5.0.2)
  - TOCropViewController (2.7.4)
  - TZImagePickerController (3.8.9):
    - TZImagePickerController/Basic (= 3.8.9)
    - TZImagePickerController/Location (= 3.8.9)
  - TZImagePickerController/Basic (3.8.9)
  - TZImagePickerController/Location (3.8.9)
  - UMCCommonLog (2.0.2)
  - UMCommon (7.5.3):
    - UMDevice
  - UMDevice (3.4.0)
  - UMShare/Core (6.10.15):
    - UMCommon
  - UMShare/Social/QQ (6.10.15):
    - UMCommon
    - UMShare/Core
    - UMShare/Social/ReducedQQ
  - UMShare/Social/ReducedQQ (6.10.15):
    - UMCommon
    - UMShare/Core
  - UMShare/Social/ReducedWeChat (6.10.15):
    - UMCommon
    - UMShare/Core
  - UMShare/Social/WeChat (6.10.15):
    - UMCommon
    - UMShare/Core
    - UMShare/Social/ReducedWeChat
  - UMVerify (3.1.0):
    - UMCommon
  - XBSBugly (0.1.0):
    - Bugly
  - YBImageBrowser (3.0.9):
    - YBImageBrowser/Core (= 3.0.9)
  - YBImageBrowser/Core (3.0.9):
    - SDWebImage (>= 5.0.0)
    - YYImage
  - YYImage (1.0.4):
    - YYImage/Core (= 1.0.4)
  - YYImage/Core (1.0.4)
  - YYKit (1.0.9):
    - YYKit/no-arc (= 1.0.9)
  - YYKit/no-arc (1.0.9)

DEPENDENCIES:
  - AFNetworking
  - Alamofire
  - AlicloudHTTPDNS (= 2.2.0)
  - AMap3DMap-NO-IDFA (~> 10.1.500)
  - AMapLocation-NO-IDFA
  - Bugly
  - FluentDarkModeKit
  - FMDB
  - FSCalendar
  - IQKeyboardManager
  - JXBanner
  - JXPagingView
  - JXSegmentedView
  - LookinServer
  - MarkdownKit
  - Masonry
  - MBProgressHUD (~> 0.9.2)
  - MJExtension
  - MJRefresh
  - NudeIn
  - ProgressHUD (= 13.7.2)
  - RxCocoa
  - RYAngelWalker
  - RYTransitioningDelegateSwift
  - SDCycleScrollView
  - SDWebImage
  - SnapKit
  - SwiftyJSON
  - TOCropViewController
  - TZImagePickerController
  - UMCCommonLog
  - UMCommon
  - UMDevice
  - UMShare/Social/QQ
  - UMShare/Social/WeChat
  - UMVerify
  - XBSBugly (from `Development Pods/`)
  - YBImageBrowser
  - YYImage
  - YYKit

SPEC REPOS:
  https://github.com/aliyun/aliyun-specs.git:
    - AlicloudHTTPDNS
    - AlicloudUTDID
    - AlicloudUtils
  https://github.com/CocoaPods/specs:
    - AFNetworking
    - Alamofire
    - AMap3DMap-NO-IDFA
    - AMapFoundation-NO-IDFA
    - AMapLocation-NO-IDFA
    - Bugly
    - FluentDarkModeKit
    - FMDB
    - FSCalendar
    - IQKeyboardManager
    - JXBanner
    - JXPageControl
    - JXPagingView
    - JXSegmentedView
    - LookinServer
    - MarkdownKit
    - Masonry
    - MBProgressHUD
    - MJExtension
    - MJRefresh
    - NudeIn
    - ProgressHUD
    - RxCocoa
    - RxRelay
    - RxSwift
    - RYAngelWalker
    - RYTransitioningDelegateSwift
    - SDCycleScrollView
    - SDWebImage
    - SnapKit
    - SwiftyJSON
    - TOCropViewController
    - TZImagePickerController
    - UMCCommonLog
    - UMCommon
    - UMDevice
    - UMShare
    - UMVerify
    - YBImageBrowser
    - YYImage
    - YYKit

EXTERNAL SOURCES:
  XBSBugly:
    :path: Development Pods/

SPEC CHECKSUMS:
  AFNetworking: 3bd23d814e976cd148d7d44c3ab78017b744cd58
  Alamofire: 7193b3b92c74a07f85569e1a6c4f4237291e7496
  AlicloudHTTPDNS: b1efa2e175672c5822d322c68efeae62068d7d05
  AlicloudUTDID: 5d2f22d50e11eecd38f30bc7a48c71925ea90976
  AlicloudUtils: ef4436f52b828b1182b002373758ecb88068e679
  AMap3DMap-NO-IDFA: 5279e94b7d4d6561826c63411f52389a3b2e2eff
  AMapFoundation-NO-IDFA: 6ce0ef596d4eb8d934ff498e56747b6de1247b05
  AMapLocation-NO-IDFA: 735791aeb1ba52dff666e4158b86caf4b68b5be7
  Bugly: 217ac2ce5f0f2626d43dbaa4f70764c953a26a31
  FluentDarkModeKit: b6317653a00329564582884772ec57c4eaad1a1f
  FMDB: 728731dd336af3936ce00f91d9d8495f5718a0e6
  FSCalendar: 2d1d0d9398f12d439f55c1fe0f01525b151b8260
  IQKeyboardManager: c8665b3396bd0b79402b4c573eac345a31c7d485
  JXBanner: 348dbef856e786494cbf30fb45d6b84826f2d3c5
  JXPageControl: e9487b39e2e58fc17790833214f3b8e935bef98b
  JXPagingView: afdd2e9af09c90160dd232b970d603cc6e7ddd0e
  JXSegmentedView: cd73555ce2134d1656db2cb383ba9c2f36fb5078
  LookinServer: 1b2b61c6402ae29fa22182d48f5cd067b4e99e80
  MarkdownKit: 0b15195c63cf3e39387949c4bdeccde0055e252a
  Masonry: 678fab65091a9290e40e2832a55e7ab731aad201
  MBProgressHUD: 1569cf7ace17a8bac47aabfbb8580a49690386d1
  MJExtension: e97d164cb411aa9795cf576093a1fa208b4a8dd8
  MJRefresh: ff9e531227924c84ce459338414550a05d2aea78
  NudeIn: e428b516a60a241d47c9d8882a8a00d0f42cfcb4
  ProgressHUD: 093d24ca970f191744017bee2649e37d0cd1c5b9
  RxCocoa: ac16414696ae706516be3e1ab00fcce5bdc9be8a
  RxRelay: 6b0c930e5cef57d5fe2032571e5e65b78e3cbdb1
  RxSwift: 31649ace6aceeb422e16ff71c60804f9c3281ed9
  RYAngelWalker: e5314ea021ca43de12bc4f86d086936caf4b7bdf
  RYTransitioningDelegateSwift: 72dee49a78fa4c2747b4d92ba3ed6b2e493e1df7
  SDCycleScrollView: a0d74c3384caa72bdfc81470bdbc8c14b3e1fbcf
  SDWebImage: f29024626962457f3470184232766516dee8dfea
  SnapKit: d612e99e678a2d3b95bf60b0705ed0a35c03484a
  SwiftyJSON: f5b1bf1cd8dd53cd25887ac0eabcfd92301c6a5a
  TOCropViewController: 80b8985ad794298fb69d3341de183f33d1853654
  TZImagePickerController: 456f470b5dea97b37226ec7a694994a8663340b2
  UMCCommonLog: bea707e50c85cef4b0eb47cc5c7226bb843245ca
  UMCommon: 3b850836e8bc162b4e7f6b527d30071ed8ea75a1
  UMDevice: dcdf7ec167387837559d149fbc7d793d984faf82
  UMShare: e8448c955153770c40a87fa26267bddf8c5b0691
  UMVerify: 832cbda6a895a798fd5619035594c9370561158d
  XBSBugly: 15cb1f1d1f30e3c1e0c902eafe566bada6fcf02e
  YBImageBrowser: 7ecc8bf33ffa5f3b94c397c29b4f3638dd37f527
  YYImage: 1e1b62a9997399593e4b9c4ecfbbabbf1d3f3b54
  YYKit: 7cda43304a8dc3696c449041e2cb3107b4e236e7

PODFILE CHECKSUM: 5666fb8a91394f227184da1e450ca2fe1235deff

COCOAPODS: 1.16.2
